
Microsoft Visual Studio Solution File, Format Version 12.00
# Visual Studio 14
VisualStudioVersion = 14.0.25420.1
MinimumVisualStudioVersion = 10.0.40219.1
Project("{FAE04EC0-301F-11D3-BF4B-00C04F79EFBC}") = "OpenInApp.Common", "OpenInApp.Common\OpenInApp.Common.csproj", "{78680FB3-22E5-4200-9756-2C2CEC66161D}"
EndProject
Project("{FAE04EC0-301F-11D3-BF4B-00C04F79EFBC}") = "OpenInApp.Common.Tests", "OpenInApp.Common.Tests\OpenInApp.Common.Tests.csproj", "{14817DAF-3B76-4E3A-9C6B-B69C9A438183}"
EndProject
Project("{2150E333-8FDC-42A3-9474-1A3956D46DE8}") = "Solution Items", "Solution Items", "{3E6EDA49-1C23-4DEA-AE46-F0E312D150DB}"
	ProjectSection(SolutionItems) = preProject
		CHANGELOG.md = CHANGELOG.md
		chart.png = chart.png
		CONTRIBUTING.md = CONTRIBUTING.md
		ISSUE_TEMPLATE.md = ISSUE_TEMPLATE.md
		LICENSE.txt = LICENSE.txt
		OpenInApp_Generic_175x175.png = OpenInApp_Generic_175x175.png
		README.md = README.md
	EndProjectSection
EndProject
Global
	GlobalSection(SolutionConfigurationPlatforms) = preSolution
		Debug|Any CPU = Debug|Any CPU
		Release|Any CPU = Release|Any CPU
	EndGlobalSection
	GlobalSection(ProjectConfigurationPlatforms) = postSolution
		{78680FB3-22E5-4200-9756-2C2CEC66161D}.Debug|Any CPU.ActiveCfg = Debug|Any CPU
		{78680FB3-22E5-4200-9756-2C2CEC66161D}.Debug|Any CPU.Build.0 = Debug|Any CPU
		{78680FB3-22E5-4200-9756-2C2CEC66161D}.Release|Any CPU.ActiveCfg = Release|Any CPU
		{78680FB3-22E5-4200-9756-2C2CEC66161D}.Release|Any CPU.Build.0 = Release|Any CPU
		{14817DAF-3B76-4E3A-9C6B-B69C9A438183}.Debug|Any CPU.ActiveCfg = Debug|Any CPU
		{14817DAF-3B76-4E3A-9C6B-B69C9A438183}.Debug|Any CPU.Build.0 = Debug|Any CPU
		{14817DAF-3B76-4E3A-9C6B-B69C9A438183}.Release|Any CPU.ActiveCfg = Release|Any CPU
		{14817DAF-3B76-4E3A-9C6B-B69C9A438183}.Release|Any CPU.Build.0 = Release|Any CPU
	EndGlobalSection
	GlobalSection(SolutionProperties) = preSolution
		HideSolutionNode = FALSE
	EndGlobalSection
EndGlobal
